
Microsoft Visual Studio Solution File, Format Version 12.00
# Visual Studio Version 17
VisualStudioVersion = 17.0.32112.339
MinimumVisualStudioVersion = 10.0.40219.1
Project("{FAE04EC0-301F-11D3-BF4B-00C04F79EFBC}") = "ConsoleApp1", "ConsoleApp1\ConsoleApp1.csproj", "{C095EFBE-690D-427E-873A-8724265449A3}"
EndProject
Global
	GlobalSection(SolutionConfigurationPlatforms) = preSolution
		Debug|Any CPU = Debug|Any CPU
		Release|Any CPU = Release|Any CPU
	EndGlobalSection
	GlobalSection(ProjectConfigurationPlatforms) = postSolution
		{C095EFBE-690D-427E-873A-8724265449A3}.Debug|Any CPU.ActiveCfg = Debug|Any CPU
		{C095EFBE-690D-427E-873A-8724265449A3}.Debug|Any CPU.Build.0 = Debug|Any CPU
		{C095EFBE-690D-427E-873A-8724265449A3}.Release|Any CPU.ActiveCfg = Release|Any CPU
		{C095EFBE-690D-427E-873A-8724265449A3}.Release|Any CPU.Build.0 = Release|Any CPU
	EndGlobalSection
	GlobalSection(SolutionProperties) = preSolution
		HideSolutionNode = FALSE
	EndGlobalSection
	GlobalSection(ExtensibilityGlobals) = postSolution
		SolutionGuid = {567EB5B6-7683-454F-8259-38B502086BC9}
	EndGlobalSection
EndGlobal
